
Microsoft Visual Studio Solution File, Format Version 12.00
# Visual Studio Version 16
VisualStudioVersion = 16.0.32106.194
MinimumVisualStudioVersion = 10.0.40219.1
Project("{FAE04EC0-301F-11D3-BF4B-00C04F79EFBC}") = "LoginWPF", "LoginWPF\LoginWPF.csproj", "{236029C2-3294-46E7-8B0B-EE4BDEFBC02E}"
EndProject
Global
	GlobalSection(SolutionConfigurationPlatforms) = preSolution
		Debug|Any CPU = Debug|Any CPU
		Release|Any CPU = Release|Any CPU
	EndGlobalSection
	GlobalSection(ProjectConfigurationPlatforms) = postSolution
		{236029C2-3294-46E7-8B0B-EE4BDEFBC02E}.Debug|Any CPU.ActiveCfg = Debug|Any CPU
		{236029C2-3294-46E7-8B0B-EE4BDEFBC02E}.Debug|Any CPU.Build.0 = Debug|Any CPU
		{236029C2-3294-46E7-8B0B-EE4BDEFBC02E}.Release|Any CPU.ActiveCfg = Release|Any CPU
		{236029C2-3294-46E7-8B0B-EE4BDEFBC02E}.Release|Any CPU.Build.0 = Release|Any CPU
	EndGlobalSection
	GlobalSection(SolutionProperties) = preSolution
		HideSolutionNode = FALSE
	EndGlobalSection
	GlobalSection(ExtensibilityGlobals) = postSolution
		SolutionGuid = {21876148-4003-497C-A342-C0CC078EA54D}
	EndGlobalSection
EndGlobal
